// !$*UTF8*$!
{
	archiveVersion = 1;
	classes = {
	};
	objectVersion = 52;
	objects = {

/* Begin PBXBuildFile section */
		9972EE6B26535AAE00961C10 /* AppDelegate.swift in Sources */ = {isa = PBXBuildFile; fileRef = 9972EE6A26535AAE00961C10 /* AppDelegate.swift */; };
		9972EE6D26535AAE00961C10 /* SceneDelegate.swift in Sources */ = {isa = PBXBuildFile; fileRef = 9972EE6C26535AAE00961C10 /* SceneDelegate.swift */; };
		9972EE6F26535AAE00961C10 /* ViewController.swift in Sources */ = {isa = PBXBuildFile; fileRef = 9972EE6E26535AAE00961C10 /* ViewController.swift */; };
		9972EE7226535AAE00961C10 /* Main.storyboard in Resources */ = {isa = PBXBuildFile; fileRef = 9972EE7026535AAE00961C10 /* Main.storyboard */; };
		9972EE7426535AAE00961C10 /* Assets.xcassets in Resources */ = {isa = PBXBuildFile; fileRef = 9972EE7326535AAE00961C10 /* Assets.xcassets */; };
		9972EE7726535AAE00961C10 /* LaunchScreen.storyboard in Resources */ = {isa = PBXBuildFile; fileRef = 9972EE7526535AAE00961C10 /* LaunchScreen.storyboard */; };
		9972EE8026535BE100961C10 /* ArcGIS in Frameworks */ = {isa = PBXBuildFile; productRef = 9972EE7F26535BE100961C10 /* ArcGIS */; };
		9972EE8326535BEF00961C10 /* ArcGISToolkit in Frameworks */ = {isa = PBXBuildFile; productRef = 9972EE8226535BEF00961C10 /* ArcGISToolkit */; };
/* End PBXBuildFile section */

/* Begin PBXFileReference section */
		9972EE6726535AAE00961C10 /* WestWorldAR.app */ = {isa = PBXFileReference; explicitFileType = wrapper.application; includeInIndex = 0; path = WestWorldAR.app; sourceTree = BUILT_PRODUCTS_DIR; };
		9972EE6A26535AAE00961C10 /* AppDelegate.swift */ = {isa = PBXFileReference; lastKnownFileType = sourcecode.swift; path = AppDelegate.swift; sourceTree = "<group>"; };
		9972EE6C26535AAE00961C10 /* SceneDelegate.swift */ = {isa = PBXFileReference; lastKnownFileType = sourcecode.swift; path = SceneDelegate.swift; sourceTree = "<group>"; };
		9972EE6E26535AAE00961C10 /* ViewController.swift */ = {isa = PBXFileReference; lastKnownFileType = sourcecode.swift; path = ViewController.swift; sourceTree = "<group>"; };
		9972EE7126535AAE00961C10 /* Base */ = {isa = PBXFileReference; lastKnownFileType = file.storyboard; name = Base; path = Base.lproj/Main.storyboard; sourceTree = "<group>"; };
		9972EE7326535AAE00961C10 /* Assets.xcassets */ = {isa = PBXFileReference; lastKnownFileType = folder.assetcatalog; path = Assets.xcassets; sourceTree = "<group>"; };
		9972EE7626535AAE00961C10 /* Base */ = {isa = PBXFileReference; lastKnownFileType = file.storyboard; name = Base; path = Base.lproj/LaunchScreen.storyboard; sourceTree = "<group>"; };
		9972EE7826535AAE00961C10 /* Info.plist */ = {isa = PBXFileReference; lastKnownFileType = text.plist.xml; path = Info.plist; sourceTree = "<group>"; };
/* End PBXFileReference section */

/* Begin PBXFrameworksBuildPhase section */
		9972EE6426535AAE00961C10 /* Frameworks */ = {
			isa = PBXFrameworksBuildPhase;
			buildActionMask = 2147483647;
			files = (
				9972EE8326535BEF00961C10 /* ArcGISToolkit in Frameworks */,
				9972EE8026535BE100961C10 /* ArcGIS in Frameworks */,
			);
			runOnlyForDeploymentPostprocessing = 0;
		};
/* End PBXFrameworksBuildPhase section */

/* Begin PBXGroup section */
		9972EE5E26535AAE00961C10 = {
			isa = PBXGroup;
			children = (
				9972EE6926535AAE00961C10 /* WestWorldAR */,
				9972EE6826535AAE00961C10 /* Products */,
			);
			sourceTree = "<group>";
		};
		9972EE6826535AAE00961C10 /* Products */ = {
			isa = PBXGroup;
			children = (
				9972EE6726535AAE00961C10 /* WestWorldAR.app */,
			);
			name = Products;
			sourceTree = "<group>";
		};
		9972EE6926535AAE00961C10 /* WestWorldAR */ = {
			isa = PBXGroup;
			children = (
				9972EE6A26535AAE00961C10 /* AppDelegate.swift */,
				9972EE6C26535AAE00961C10 /* SceneDelegate.swift */,
				9972EE6E26535AAE00961C10 /* ViewController.swift */,
				9972EE7026535AAE00961C10 /* Main.storyboard */,
				9972EE7326535AAE00961C10 /* Assets.xcassets */,
				9972EE7526535AAE00961C10 /* LaunchScreen.storyboard */,
				9972EE7826535AAE00961C10 /* Info.plist */,
			);
			path = WestWorldAR;
			sourceTree = "<group>";
		};
/* End PBXGroup section */

/* Begin PBXNativeTarget section */
		9972EE6626535AAE00961C10 /* WestWorldAR */ = {
			isa = PBXNativeTarget;
			buildConfigurationList = 9972EE7B26535AAE00961C10 /* Build configuration list for PBXNativeTarget "WestWorldAR" */;
			buildPhases = (
				9972EE6326535AAE00961C10 /* Sources */,
				9972EE6426535AAE00961C10 /* Frameworks */,
				9972EE6526535AAE00961C10 /* Resources */,
			);
			buildRules = (
			);
			dependencies = (
			);
			name = WestWorldAR;
			packageProductDependencies = (
				9972EE7F26535BE100961C10 /* ArcGIS */,
				9972EE8226535BEF00961C10 /* ArcGISToolkit */,
			);
			productName = WestWorldAR;
			productReference = 9972EE6726535AAE00961C10 /* WestWorldAR.app */;
			productType = "com.apple.product-type.application";
		};
/* End PBXNativeTarget section */

/* Begin PBXProject section */
		9972EE5F26535AAE00961C10 /* Project object */ = {
			isa = PBXProject;
			attributes = {
				LastSwiftUpdateCheck = 1250;
				LastUpgradeCheck = 1250;
				TargetAttributes = {
					9972EE6626535AAE00961C10 = {
						CreatedOnToolsVersion = 12.5;
					};
				};
			};
			buildConfigurationList = 9972EE6226535AAE00961C10 /* Build configuration list for PBXProject "WestWorldAR" */;
			compatibilityVersion = "Xcode 9.3";
			developmentRegion = en;
			hasScannedForEncodings = 0;
			knownRegions = (
				en,
				Base,
			);
			mainGroup = 9972EE5E26535AAE00961C10;
			packageReferences = (
				9972EE7E26535BE100961C10 /* XCRemoteSwiftPackageReference "arcgis-runtime-ios" */,
				9972EE8126535BEF00961C10 /* XCRemoteSwiftPackageReference "arcgis-runtime-toolkit-ios" */,
			);
			productRefGroup = 9972EE6826535AAE00961C10 /* Products */;
			projectDirPath = "";
			projectRoot = "";
			targets = (
				9972EE6626535AAE00961C10 /* WestWorldAR */,
			);
		};
/* End PBXProject section */

/* Begin PBXResourcesBuildPhase section */
		9972EE6526535AAE00961C10 /* Resources */ = {
			isa = PBXResourcesBuildPhase;
			buildActionMask = 2147483647;
			files = (
				9972EE7726535AAE00961C10 /* LaunchScreen.storyboard in Resources */,
				9972EE7426535AAE00961C10 /* Assets.xcassets in Resources */,
				9972EE7226535AAE00961C10 /* Main.storyboard in Resources */,
			);
			runOnlyForDeploymentPostprocessing = 0;
		};
/* End PBXResourcesBuildPhase section */

/* Begin PBXSourcesBuildPhase section */
		9972EE6326535AAE00961C10 /* Sources */ = {
			isa = PBXSourcesBuildPhase;
			buildActionMask = 2147483647;
			files = (
				9972EE6F26535AAE00961C10 /* ViewController.swift in Sources */,
				9972EE6B26535AAE00961C10 /* AppDelegate.swift in Sources */,
				9972EE6D26535AAE00961C10 /* SceneDelegate.swift in Sources */,
			);
			runOnlyForDeploymentPostprocessing = 0;
		};
/* End PBXSourcesBuildPhase section */

/* Begin PBXVariantGroup section */
		9972EE7026535AAE00961C10 /* Main.storyboard */ = {
			isa = PBXVariantGroup;
			children = (
				9972EE7126535AAE00961C10 /* Base */,
			);
			name = Main.storyboard;
			sourceTree = "<group>";
		};
		9972EE7526535AAE00961C10 /* LaunchScreen.storyboard */ = {
			isa = PBXVariantGroup;
			children = (
				9972EE7626535AAE00961C10 /* Base */,
			);
			name = LaunchScreen.storyboard;
			sourceTree = "<group>";
		};
/* End PBXVariantGroup section */

/* Begin XCBuildConfiguration section */
		9972EE7926535AAE00961C10 /* Debug */ = {
			isa = XCBuildConfiguration;
			buildSettings = {
				ALWAYS_SEARCH_USER_PATHS = NO;
				CLANG_ANALYZER_NONNULL = YES;
				CLANG_ANALYZER_NUMBER_OBJECT_CONVERSION = YES_AGGRESSIVE;
				CLANG_CXX_LANGUAGE_STANDARD = "gnu++14";
				CLANG_CXX_LIBRARY = "libc++";
				CLANG_ENABLE_MODULES = YES;
				CLANG_ENABLE_OBJC_ARC = YES;
				CLANG_ENABLE_OBJC_WEAK = YES;
				CLANG_WARN_BLOCK_CAPTURE_AUTORELEASING = YES;
				CLANG_WARN_BOOL_CONVERSION = YES;
				CLANG_WARN_COMMA = YES;
				CLANG_WARN_CONSTANT_CONVERSION = YES;
				CLANG_WARN_DEPRECATED_OBJC_IMPLEMENTATIONS = YES;
				CLANG_WARN_DIRECT_OBJC_ISA_USAGE = YES_ERROR;
				CLANG_WARN_DOCUMENTATION_COMMENTS = YES;
				CLANG_WARN_EMPTY_BODY = YES;
				CLANG_WARN_ENUM_CONVERSION = YES;
				CLANG_WARN_INFINITE_RECURSION = YES;
				CLANG_WARN_INT_CONVERSION = YES;
				CLANG_WARN_NON_LITERAL_NULL_CONVERSION = YES;
				CLANG_WARN_OBJC_IMPLICIT_RETAIN_SELF = YES;
				CLANG_WARN_OBJC_LITERAL_CONVERSION = YES;
				CLANG_WARN_OBJC_ROOT_CLASS = YES_ERROR;
				CLANG_WARN_QUOTED_INCLUDE_IN_FRAMEWORK_HEADER = YES;
				CLANG_WARN_RANGE_LOOP_ANALYSIS = YES;
				CLANG_WARN_STRICT_PROTOTYPES = YES;
				CLANG_WARN_SUSPICIOUS_MOVE = YES;
				CLANG_WARN_UNGUARDED_AVAILABILITY = YES_AGGRESSIVE;
				CLANG_WARN_UNREACHABLE_CODE = YES;
				CLANG_WARN__DUPLICATE_METHOD_MATCH = YES;
				COPY_PHASE_STRIP = NO;
				DEBUG_INFORMATION_FORMAT = dwarf;
				ENABLE_STRICT_OBJC_MSGSEND = YES;
				ENABLE_TESTABILITY = YES;
				GCC_C_LANGUAGE_STANDARD = gnu11;
				GCC_DYNAMIC_NO_PIC = NO;
				GCC_NO_COMMON_BLOCKS = YES;
				GCC_OPTIMIZATION_LEVEL = 0;
				GCC_PREPROCESSOR_DEFINITIONS = (
					"DEBUG=1",
					"$(inherited)",
				);
				GCC_WARN_64_TO_32_BIT_CONVERSION = YES;
				GCC_WARN_ABOUT_RETURN_TYPE = YES_ERROR;
				GCC_WARN_UNDECLARED_SELECTOR = YES;
				GCC_WARN_UNINITIALIZED_AUTOS = YES_AGGRESSIVE;
				GCC_WARN_UNUSED_FUNCTION = YES;
				GCC_WARN_UNUSED_VARIABLE = YES;
				IPHONEOS_DEPLOYMENT_TARGET = 14.5;
				MTL_ENABLE_DEBUG_INFO = INCLUDE_SOURCE;
				MTL_FAST_MATH = YES;
				ONLY_ACTIVE_ARCH = YES;
				SDKROOT = iphoneos;
				SWIFT_ACTIVE_COMPILATION_CONDITIONS = DEBUG;
				SWIFT_OPTIMIZATION_LEVEL = "-Onone";
			};
			name = Debug;
		};
		9972EE7A26535AAE00961C10 /* Release */ = {
			isa = XCBuildConfiguration;
			buildSettings = {
				ALWAYS_SEARCH_USER_PATHS = NO;
				CLANG_ANALYZER_NONNULL = YES;
				CLANG_ANALYZER_NUMBER_OBJECT_CONVERSION = YES_AGGRESSIVE;
				CLANG_CXX_LANGUAGE_STANDARD = "gnu++14";
				CLANG_CXX_LIBRARY = "libc++";
				CLANG_ENABLE_MODULES = YES;
				CLANG_ENABLE_OBJC_ARC = YES;
				CLANG_ENABLE_OBJC_WEAK = YES;
				CLANG_WARN_BLOCK_CAPTURE_AUTORELEASING = YES;
				CLANG_WARN_BOOL_CONVERSION = YES;
				CLANG_WARN_COMMA = YES;
				CLANG_WARN_CONSTANT_CONVERSION = YES;
				CLANG_WARN_DEPRECATED_OBJC_IMPLEMENTATIONS = YES;
				CLANG_WARN_DIRECT_OBJC_ISA_USAGE = YES_ERROR;
				CLANG_WARN_DOCUMENTATION_COMMENTS = YES;
				CLANG_WARN_EMPTY_BODY = YES;
				CLANG_WARN_ENUM_CONVERSION = YES;
				CLANG_WARN_INFINITE_RECURSION = YES;
				CLANG_WARN_INT_CONVERSION = YES;
				CLANG_WARN_NON_LITERAL_NULL_CONVERSION = YES;
				CLANG_WARN_OBJC_IMPLICIT_RETAIN_SELF = YES;
				CLANG_WARN_OBJC_LITERAL_CONVERSION = YES;
				CLANG_WARN_OBJC_ROOT_CLASS = YES_ERROR;
				CLANG_WARN_QUOTED_INCLUDE_IN_FRAMEWORK_HEADER = YES;
				CLANG_WARN_RANGE_LOOP_ANALYSIS = YES;
				CLANG_WARN_STRICT_PROTOTYPES = YES;
				CLANG_WARN_SUSPICIOUS_MOVE = YES;
				CLANG_WARN_UNGUARDED_AVAILABILITY = YES_AGGRESSIVE;
				CLANG_WARN_UNREACHABLE_CODE = YES;
				CLANG_WARN__DUPLICATE_METHOD_MATCH = YES;
				COPY_PHASE_STRIP = NO;
				DEBUG_INFORMATION_FORMAT = "dwarf-with-dsym";
				ENABLE_NS_ASSERTIONS = NO;
				ENABLE_STRICT_OBJC_MSGSEND = YES;
				GCC_C_LANGUAGE_STANDARD = gnu11;
				GCC_NO_COMMON_BLOCKS = YES;
				GCC_WARN_64_TO_32_BIT_CONVERSION = YES;
				GCC_WARN_ABOUT_RETURN_TYPE = YES_ERROR;
				GCC_WARN_UNDECLARED_SELECTOR = YES;
				GCC_WARN_UNINITIALIZED_AUTOS = YES_AGGRESSIVE;
				GCC_WARN_UNUSED_FUNCTION = YES;
				GCC_WARN_UNUSED_VARIABLE = YES;
				IPHONEOS_DEPLOYMENT_TARGET = 14.5;
				MTL_ENABLE_DEBUG_INFO = NO;
				MTL_FAST_MATH = YES;
				SDKROOT = iphoneos;
				SWIFT_COMPILATION_MODE = wholemodule;
				SWIFT_OPTIMIZATION_LEVEL = "-O";
				VALIDATE_PRODUCT = YES;
			};
			name = Release;
		};
		9972EE7C26535AAE00961C10 /* Debug */ = {
			isa = XCBuildConfiguration;
			buildSettings = {
				ASSETCATALOG_COMPILER_APPICON_NAME = AppIcon;
				ASSETCATALOG_COMPILER_GLOBAL_ACCENT_COLOR_NAME = AccentColor;
				CODE_SIGN_STYLE = Automatic;
				DEVELOPMENT_TEAM = UHCTQ8X679;
				INFOPLIST_FILE = WestWorldAR/Info.plist;
				LD_RUNPATH_SEARCH_PATHS = (
					"$(inherited)",
					"@executable_path/Frameworks",
				);
				PRODUCT_BUNDLE_IDENTIFIER = com.emilycheroske.westworldmapapp.WestWorldAR;
				PRODUCT_NAME = "$(TARGET_NAME)";
				SWIFT_VERSION = 5.0;
				TARGETED_DEVICE_FAMILY = "1,2";
			};
			name = Debug;
		};
		9972EE7D26535AAE00961C10 /* Release */ = {
			isa = XCBuildConfiguration;
			buildSettings = {
				ASSETCATALOG_COMPILER_APPICON_NAME = AppIcon;
				ASSETCATALOG_COMPILER_GLOBAL_ACCENT_COLOR_NAME = AccentColor;
				CODE_SIGN_STYLE = Automatic;
				DEVELOPMENT_TEAM = UHCTQ8X679;
				INFOPLIST_FILE = WestWorldAR/Info.plist;
				LD_RUNPATH_SEARCH_PATHS = (
					"$(inherited)",
					"@executable_path/Frameworks",
				);
				PRODUCT_BUNDLE_IDENTIFIER = com.emilycheroske.westworldmapapp.WestWorldAR;
				PRODUCT_NAME = "$(TARGET_NAME)";
				SWIFT_VERSION = 5.0;
				TARGETED_DEVICE_FAMILY = "1,2";
			};
			name = Release;
		};
/* End XCBuildConfiguration section */

/* Begin XCConfigurationList section */
		9972EE6226535AAE00961C10 /* Build configuration list for PBXProject "WestWorldAR" */ = {
			isa = XCConfigurationList;
			buildConfigurations = (
				9972EE7926535AAE00961C10 /* Debug */,
				9972EE7A26535AAE00961C10 /* Release */,
			);
			defaultConfigurationIsVisible = 0;
			defaultConfigurationName = Release;
		};
		9972EE7B26535AAE00961C10 /* Build configuration list for PBXNativeTarget "WestWorldAR" */ = {
			isa = XCConfigurationList;
			buildConfigurations = (
				9972EE7C26535AAE00961C10 /* Debug */,
				9972EE7D26535AAE00961C10 /* Release */,
			);
			defaultConfigurationIsVisible = 0;
			defaultConfigurationName = Release;
		};
/* End XCConfigurationList section */

/* Begin XCRemoteSwiftPackageReference section */
		9972EE7E26535BE100961C10 /* XCRemoteSwiftPackageReference "arcgis-runtime-ios" */ = {
			isa = XCRemoteSwiftPackageReference;
			repositoryURL = "https://github.com/esri/arcgis-runtime-ios";
			requirement = {
				kind = upToNextMajorVersion;
				minimumVersion = 100.11.1;
			};
		};
		9972EE8126535BEF00961C10 /* XCRemoteSwiftPackageReference "arcgis-runtime-toolkit-ios" */ = {
			isa = XCRemoteSwiftPackageReference;
			repositoryURL = "https://github.com/Esri/arcgis-runtime-toolkit-ios";
			requirement = {
				kind = upToNextMajorVersion;
				minimumVersion = 100.11.0;
			};
		};
/* End XCRemoteSwiftPackageReference section */

/* Begin XCSwiftPackageProductDependency section */
		9972EE7F26535BE100961C10 /* ArcGIS */ = {
			isa = XCSwiftPackageProductDependency;
			package = 9972EE7E26535BE100961C10 /* XCRemoteSwiftPackageReference "arcgis-runtime-ios" */;
			productName = ArcGIS;
		};
		9972EE8226535BEF00961C10 /* ArcGISToolkit */ = {
			isa = XCSwiftPackageProductDependency;
			package = 9972EE8126535BEF00961C10 /* XCRemoteSwiftPackageReference "arcgis-runtime-toolkit-ios" */;
			productName = ArcGISToolkit;
		};
/* End XCSwiftPackageProductDependency section */
	};
	rootObject = 9972EE5F26535AAE00961C10 /* Project object */;
}
